// !$*UTF8*$!
{
	archiveVersion = 1;
	classes = {
	};
	objectVersion = 46;
	objects = {

/* Begin PBXBuildFile section */
		EB15C221174CD4F700ABD403 /* win.mp3 in Resources */ = {isa = PBXBuildFile; fileRef = EB15C21F174CD4F700ABD403 /* win.mp3 */; };
		EB678A361746897000224C7F /* UIKit.framework in Frameworks */ = {isa = PBXBuildFile; fileRef = EB678A351746897000224C7F /* UIKit.framework */; };
		EB678A381746897000224C7F /* Foundation.framework in Frameworks */ = {isa = PBXBuildFile; fileRef = EB678A371746897000224C7F /* Foundation.framework */; };
		EB678A3A1746897000224C7F /* CoreGraphics.framework in Frameworks */ = {isa = PBXBuildFile; fileRef = EB678A391746897000224C7F /* CoreGraphics.framework */; };
		EB678A3C1746897000224C7F /* CoreData.framework in Frameworks */ = {isa = PBXBuildFile; fileRef = EB678A3B1746897000224C7F /* CoreData.framework */; };
		EB678A421746897000224C7F /* InfoPlist.strings in Resources */ = {isa = PBXBuildFile; fileRef = EB678A401746897000224C7F /* InfoPlist.strings */; };
		EB678A441746897000224C7F /* main.m in Sources */ = {isa = PBXBuildFile; fileRef = EB678A431746897000224C7F /* main.m */; };
		EB678A481746897000224C7F /* AppDelegate.m in Sources */ = {isa = PBXBuildFile; fileRef = EB678A471746897000224C7F /* AppDelegate.m */; };
		EB678A4A1746897000224C7F /* Default.png in Resources */ = {isa = PBXBuildFile; fileRef = EB678A491746897000224C7F /* Default.png */; };
		EB678A4C1746897000224C7F /* Default@2x.png in Resources */ = {isa = PBXBuildFile; fileRef = EB678A4B1746897000224C7F /* Default@2x.png */; };
		EB678A4E1746897000224C7F /* Default-568h@2x.png in Resources */ = {isa = PBXBuildFile; fileRef = EB678A4D1746897000224C7F /* Default-568h@2x.png */; };
		EB678A511746897100224C7F /* Buoi6_BVN.xcdatamodeld in Sources */ = {isa = PBXBuildFile; fileRef = EB678A4F1746897100224C7F /* Buoi6_BVN.xcdatamodeld */; };
		EB678A5A1746898800224C7F /* RootView.m in Sources */ = {isa = PBXBuildFile; fileRef = EB678A581746898800224C7F /* RootView.m */; };
		EB678A5B1746898800224C7F /* RootView.xib in Resources */ = {isa = PBXBuildFile; fileRef = EB678A591746898800224C7F /* RootView.xib */; };
		EB678A5E1746A09900224C7F /* background.png in Resources */ = {isa = PBXBuildFile; fileRef = EB678A5D1746A09900224C7F /* background.png */; };
		EB678A641746A72B00224C7F /* img1.png in Resources */ = {isa = PBXBuildFile; fileRef = EB678A631746A72B00224C7F /* img1.png */; };
		EB678A661746B20300224C7F /* batDau.png in Resources */ = {isa = PBXBuildFile; fileRef = EB678A651746B20300224C7F /* batDau.png */; };
		EB678A681746B28900224C7F /* diemCao.png in Resources */ = {isa = PBXBuildFile; fileRef = EB678A671746B28900224C7F /* diemCao.png */; };
		EB678A6A1746B57800224C7F /* coin.png in Resources */ = {isa = PBXBuildFile; fileRef = EB678A691746B57800224C7F /* coin.png */; };
		EB678A701746B6F700224C7F /* PlayingView.m in Sources */ = {isa = PBXBuildFile; fileRef = EB678A6E1746B6F700224C7F /* PlayingView.m */; };
		EB678A711746B6F700224C7F /* PlayingView.xib in Resources */ = {isa = PBXBuildFile; fileRef = EB678A6F1746B6F700224C7F /* PlayingView.xib */; };
		EB678A761746B72300224C7F /* HightScoreView.m in Sources */ = {isa = PBXBuildFile; fileRef = EB678A741746B72300224C7F /* HightScoreView.m */; };
		EB678A771746B72300224C7F /* HightScoreView.xib in Resources */ = {isa = PBXBuildFile; fileRef = EB678A751746B72300224C7F /* HightScoreView.xib */; };
		EB9D567E174D379700F55960 /* ding.mp3 in Resources */ = {isa = PBXBuildFile; fileRef = EB9D567D174D379700F55960 /* ding.mp3 */; };
		EB9D5684174D427300F55960 /* x.png in Resources */ = {isa = PBXBuildFile; fileRef = EB9D5683174D427300F55960 /* x.png */; };
		EB9D5686174D43A400F55960 /* Volume.png in Resources */ = {isa = PBXBuildFile; fileRef = EB9D5685174D43A400F55960 /* Volume.png */; };
		EB9D5688174D48B400F55960 /* Background music.mp3 in Resources */ = {isa = PBXBuildFile; fileRef = EB9D5687174D48B400F55960 /* Background music.mp3 */; };
		EB9D568A174D4EE900F55960 /* Victory.mp3 in Resources */ = {isa = PBXBuildFile; fileRef = EB9D5689174D4EE900F55960 /* Victory.mp3 */; };
		EBDC063E174CED8600BFE10B /* SoundPlayer.m in Sources */ = {isa = PBXBuildFile; fileRef = EBDC063D174CED8600BFE10B /* SoundPlayer.m */; };
		EBDC0645174CFE1600BFE10B /* AVFoundation.framework in Frameworks */ = {isa = PBXBuildFile; fileRef = EBDC0644174CFE1600BFE10B /* AVFoundation.framework */; };
		EBDC0647174D01D900BFE10B /* wrong.mp3 in Resources */ = {isa = PBXBuildFile; fileRef = EBDC0646174D01D900BFE10B /* wrong.mp3 */; };
		EBE4BA6F17489CFB0056CDAC /* highScoreBG.png in Resources */ = {isa = PBXBuildFile; fileRef = EBE4BA6E17489CFB0056CDAC /* highScoreBG.png */; };
		EBE4BA711748A1330056CDAC /* HighScore.plist in Resources */ = {isa = PBXBuildFile; fileRef = EBE4BA701748A1330056CDAC /* HighScore.plist */; };
		EBE799C41747B5D800F755D1 /* playingViewBG.png in Resources */ = {isa = PBXBuildFile; fileRef = EBE799C31747B5D800F755D1 /* playingViewBG.png */; };
		EBE799CA1747B8F800F755D1 /* lv1.png in Resources */ = {isa = PBXBuildFile; fileRef = EBE799C51747B8F800F755D1 /* lv1.png */; };
		EBE799CB1747B8F800F755D1 /* lv5.png in Resources */ = {isa = PBXBuildFile; fileRef = EBE799C61747B8F800F755D1 /* lv5.png */; };
		EBE799CC1747B8F800F755D1 /* lv4.png in Resources */ = {isa = PBXBuildFile; fileRef = EBE799C71747B8F800F755D1 /* lv4.png */; };
		EBE799CD1747B8F800F755D1 /* lv3.png in Resources */ = {isa = PBXBuildFile; fileRef = EBE799C81747B8F800F755D1 /* lv3.png */; };
		EBE799CE1747B8F800F755D1 /* lv2.png in Resources */ = {isa = PBXBuildFile; fileRef = EBE799C91747B8F800F755D1 /* lv2.png */; };
		EBE799D01747BAB200F755D1 /* quayLai.png in Resources */ = {isa = PBXBuildFile; fileRef = EBE799CF1747BAB200F755D1 /* quayLai.png */; };
		EBE799F31747DBA600F755D1 /* Level1Questions.plist in Resources */ = {isa = PBXBuildFile; fileRef = EBE799F21747DBA500F755D1 /* Level1Questions.plist */; };
		EBE799F51747DBD700F755D1 /* Level2Questions.plist in Resources */ = {isa = PBXBuildFile; fileRef = EBE799F41747DBD700F755D1 /* Level2Questions.plist */; };
		EBE799F71747DBF100F755D1 /* Level3Questions.plist in Resources */ = {isa = PBXBuildFile; fileRef = EBE799F61747DBF100F755D1 /* Level3Questions.plist */; };
		EBE799F91747DC0200F755D1 /* Level4Questions.plist in Resources */ = {isa = PBXBuildFile; fileRef = EBE799F81747DC0200F755D1 /* Level4Questions.plist */; };
		EBE799FB1747DC1400F755D1 /* Level5Questions.plist in Resources */ = {isa = PBXBuildFile; fileRef = EBE799FA1747DC1300F755D1 /* Level5Questions.plist */; };
		EBE79A001747E80E00F755D1 /* MainGameView.m in Sources */ = {isa = PBXBuildFile; fileRef = EBE799FE1747E80E00F755D1 /* MainGameView.m */; };
		EBE79A011747E80E00F755D1 /* MainGameView.xib in Resources */ = {isa = PBXBuildFile; fileRef = EBE799FF1747E80E00F755D1 /* MainGameView.xib */; };
		EBE79A041747EA8D00F755D1 /* Save.m in Sources */ = {isa = PBXBuildFile; fileRef = EBE79A031747EA8D00F755D1 /* Save.m */; };
		EBE79A071747F27100F755D1 /* Player.m in Sources */ = {isa = PBXBuildFile; fileRef = EBE79A061747F27100F755D1 /* Player.m */; };
		EBE79A091747F37D00F755D1 /* Save.plist in Resources */ = {isa = PBXBuildFile; fileRef = EBE79A081747F37D00F755D1 /* Save.plist */; };
		EBE79A0F1748024C00F755D1 /* Question.m in Sources */ = {isa = PBXBuildFile; fileRef = EBE79A0E1748024C00F755D1 /* Question.m */; };
		EBE79A111748053900F755D1 /* mucluc.png in Resources */ = {isa = PBXBuildFile; fileRef = EBE79A101748053900F755D1 /* mucluc.png */; };
		EBE79A1517480A0000F755D1 /* mainGameBG.png in Resources */ = {isa = PBXBuildFile; fileRef = EBE79A14174809FF00F755D1 /* mainGameBG.png */; };
		EBE79A1A17480D7A00F755D1 /* D.png in Resources */ = {isa = PBXBuildFile; fileRef = EBE79A1617480D7900F755D1 /* D.png */; };
		EBE79A1B17480D7A00F755D1 /* C.png in Resources */ = {isa = PBXBuildFile; fileRef = EBE79A1717480D7900F755D1 /* C.png */; };
		EBE79A1C17480D7A00F755D1 /* B.png in Resources */ = {isa = PBXBuildFile; fileRef = EBE79A1817480D7900F755D1 /* B.png */; };
		EBE79A1D17480D7A00F755D1 /* A.png in Resources */ = {isa = PBXBuildFile; fileRef = EBE79A1917480D7900F755D1 /* A.png */; };
/* End PBXBuildFile section */

/* Begin PBXFileReference section */
		EB15C21F174CD4F700ABD403 /* win.mp3 */ = {isa = PBXFileReference; lastKnownFileType = audio.mp3; path = win.mp3; sourceTree = "<group>"; };
		EB15C222174CD50800ABD403 /* wrong.m4a */ = {isa = PBXFileReference; lastKnownFileType = file; path = wrong.m4a; sourceTree = "<group>"; };
		EB15C226174CE36500ABD403 /* config.h */ = {isa = PBXFileReference; lastKnownFileType = sourcecode.c.h; path = config.h; sourceTree = "<group>"; };
		EB678A321746897000224C7F /* Buoi6-BVN.app */ = {isa = PBXFileReference; explicitFileType = wrapper.application; includeInIndex = 0; path = "Buoi6-BVN.app"; sourceTree = BUILT_PRODUCTS_DIR; };
		EB678A351746897000224C7F /* UIKit.framework */ = {isa = PBXFileReference; lastKnownFileType = wrapper.framework; name = UIKit.framework; path = System/Library/Frameworks/UIKit.framework; sourceTree = SDKROOT; };
		EB678A371746897000224C7F /* Foundation.framework */ = {isa = PBXFileReference; lastKnownFileType = wrapper.framework; name = Foundation.framework; path = System/Library/Frameworks/Foundation.framework; sourceTree = SDKROOT; };
		EB678A391746897000224C7F /* CoreGraphics.framework */ = {isa = PBXFileReference; lastKnownFileType = wrapper.framework; name = CoreGraphics.framework; path = System/Library/Frameworks/CoreGraphics.framework; sourceTree = SDKROOT; };
		EB678A3B1746897000224C7F /* CoreData.framework */ = {isa = PBXFileReference; lastKnownFileType = wrapper.framework; name = CoreData.framework; path = System/Library/Frameworks/CoreData.framework; sourceTree = SDKROOT; };
		EB678A3F1746897000224C7F /* Buoi6-BVN-Info.plist */ = {isa = PBXFileReference; lastKnownFileType = text.plist.xml; path = "Buoi6-BVN-Info.plist"; sourceTree = "<group>"; };
		EB678A411746897000224C7F /* en */ = {isa = PBXFileReference; lastKnownFileType = text.plist.strings; name = en; path = en.lproj/InfoPlist.strings; sourceTree = "<group>"; };
		EB678A431746897000224C7F /* main.m */ = {isa = PBXFileReference; lastKnownFileType = sourcecode.c.objc; path = main.m; sourceTree = "<group>"; };
		EB678A451746897000224C7F /* Buoi6-BVN-Prefix.pch */ = {isa = PBXFileReference; lastKnownFileType = sourcecode.c.h; path = "Buoi6-BVN-Prefix.pch"; sourceTree = "<group>"; };
		EB678A461746897000224C7F /* AppDelegate.h */ = {isa = PBXFileReference; lastKnownFileType = sourcecode.c.h; path = AppDelegate.h; sourceTree = "<group>"; };
		EB678A471746897000224C7F /* AppDelegate.m */ = {isa = PBXFileReference; lastKnownFileType = sourcecode.c.objc; path = AppDelegate.m; sourceTree = "<group>"; };
		EB678A491746897000224C7F /* Default.png */ = {isa = PBXFileReference; lastKnownFileType = image.png; path = Default.png; sourceTree = "<group>"; };
		EB678A4B1746897000224C7F /* Default@2x.png */ = {isa = PBXFileReference; lastKnownFileType = image.png; path = "Default@2x.png"; sourceTree = "<group>"; };
		EB678A4D1746897000224C7F /* Default-568h@2x.png */ = {isa = PBXFileReference; lastKnownFileType = image.png; path = "Default-568h@2x.png"; sourceTree = "<group>"; };
		EB678A501746897100224C7F /* Buoi6_BVN.xcdatamodel */ = {isa = PBXFileReference; lastKnownFileType = wrapper.xcdatamodel; path = Buoi6_BVN.xcdatamodel; sourceTree = "<group>"; };
		EB678A571746898800224C7F /* RootView.h */ = {isa = PBXFileReference; fileEncoding = 4; lastKnownFileType = sourcecode.c.h; path = RootView.h; sourceTree = "<group>"; };
		EB678A581746898800224C7F /* RootView.m */ = {isa = PBXFileReference; fileEncoding = 4; lastKnownFileType = sourcecode.c.objc; path = RootView.m; sourceTree = "<group>"; };
		EB678A591746898800224C7F /* RootView.xib */ = {isa = PBXFileReference; fileEncoding = 4; lastKnownFileType = file.xib; path = RootView.xib; sourceTree = "<group>"; };
		EB678A5D1746A09900224C7F /* background.png */ = {isa = PBXFileReference; lastKnownFileType = image.png; path = background.png; sourceTree = "<group>"; };
		EB678A631746A72B00224C7F /* img1.png */ = {isa = PBXFileReference; lastKnownFileType = image.png; path = img1.png; sourceTree = "<group>"; };
		EB678A651746B20300224C7F /* batDau.png */ = {isa = PBXFileReference; lastKnownFileType = image.png; path = batDau.png; sourceTree = "<group>"; };
		EB678A671746B28900224C7F /* diemCao.png */ = {isa = PBXFileReference; lastKnownFileType = image.png; path = diemCao.png; sourceTree = "<group>"; };
		EB678A691746B57800224C7F /* coin.png */ = {isa = PBXFileReference; lastKnownFileType = image.png; path = coin.png; sourceTree = "<group>"; };
		EB678A6D1746B6F700224C7F /* PlayingView.h */ = {isa = PBXFileReference; fileEncoding = 4; lastKnownFileType = sourcecode.c.h; path = PlayingView.h; sourceTree = "<group>"; };
		EB678A6E1746B6F700224C7F /* PlayingView.m */ = {isa = PBXFileReference; fileEncoding = 4; lastKnownFileType = sourcecode.c.objc; path = PlayingView.m; sourceTree = "<group>"; };
		EB678A6F1746B6F700224C7F /* PlayingView.xib */ = {isa = PBXFileReference; fileEncoding = 4; lastKnownFileType = file.xib; path = PlayingView.xib; sourceTree = "<group>"; };
		EB678A731746B72300224C7F /* HightScoreView.h */ = {isa = PBXFileReference; fileEncoding = 4; lastKnownFileType = sourcecode.c.h; path = HightScoreView.h; sourceTree = "<group>"; };
		EB678A741746B72300224C7F /* HightScoreView.m */ = {isa = PBXFileReference; fileEncoding = 4; lastKnownFileType = sourcecode.c.objc; path = HightScoreView.m; sourceTree = "<group>"; };
		EB678A751746B72300224C7F /* HightScoreView.xib */ = {isa = PBXFileReference; fileEncoding = 4; lastKnownFileType = file.xib; path = HightScoreView.xib; sourceTree = "<group>"; };
		EB9D567D174D379700F55960 /* ding.mp3 */ = {isa = PBXFileReference; lastKnownFileType = audio.mp3; name = ding.mp3; path = ../../../../../../Users/doductrung/Downloads/ding.mp3; sourceTree = "<group>"; };
		EB9D5683174D427300F55960 /* x.png */ = {isa = PBXFileReference; lastKnownFileType = image.png; path = x.png; sourceTree = "<group>"; };
		EB9D5685174D43A400F55960 /* Volume.png */ = {isa = PBXFileReference; lastKnownFileType = image.png; path = Volume.png; sourceTree = "<group>"; };
		EB9D5687174D48B400F55960 /* Background music.mp3 */ = {isa = PBXFileReference; lastKnownFileType = audio.mp3; path = "Background music.mp3"; sourceTree = "<group>"; };
		EB9D5689174D4EE900F55960 /* Victory.mp3 */ = {isa = PBXFileReference; lastKnownFileType = audio.mp3; path = Victory.mp3; sourceTree = "<group>"; };
		EBDC063C174CED8600BFE10B /* SoundPlayer.h */ = {isa = PBXFileReference; fileEncoding = 4; lastKnownFileType = sourcecode.c.h; path = SoundPlayer.h; sourceTree = "<group>"; };
		EBDC063D174CED8600BFE10B /* SoundPlayer.m */ = {isa = PBXFileReference; fileEncoding = 4; lastKnownFileType = sourcecode.c.objc; path = SoundPlayer.m; sourceTree = "<group>"; };
		EBDC0644174CFE1600BFE10B /* AVFoundation.framework */ = {isa = PBXFileReference; lastKnownFileType = wrapper.framework; name = AVFoundation.framework; path = System/Library/Frameworks/AVFoundation.framework; sourceTree = SDKROOT; };
		EBDC0646174D01D900BFE10B /* wrong.mp3 */ = {isa = PBXFileReference; lastKnownFileType = audio.mp3; name = wrong.mp3; path = ../../../../../../Users/doductrung/Downloads/wrong.mp3; sourceTree = "<group>"; };
		EBE4BA6E17489CFB0056CDAC /* highScoreBG.png */ = {isa = PBXFileReference; lastKnownFileType = image.png; path = highScoreBG.png; sourceTree = "<group>"; };
		EBE4BA701748A1330056CDAC /* HighScore.plist */ = {isa = PBXFileReference; fileEncoding = 4; lastKnownFileType = text.plist.xml; path = HighScore.plist; sourceTree = "<group>"; };
		EBE799C31747B5D800F755D1 /* playingViewBG.png */ = {isa = PBXFileReference; lastKnownFileType = image.png; path = playingViewBG.png; sourceTree = "<group>"; };
		EBE799C51747B8F800F755D1 /* lv1.png */ = {isa = PBXFileReference; lastKnownFileType = image.png; path = lv1.png; sourceTree = "<group>"; };
		EBE799C61747B8F800F755D1 /* lv5.png */ = {isa = PBXFileReference; lastKnownFileType = image.png; path = lv5.png; sourceTree = "<group>"; };
		EBE799C71747B8F800F755D1 /* lv4.png */ = {isa = PBXFileReference; lastKnownFileType = image.png; path = lv4.png; sourceTree = "<group>"; };
		EBE799C81747B8F800F755D1 /* lv3.png */ = {isa = PBXFileReference; lastKnownFileType = image.png; path = lv3.png; sourceTree = "<group>"; };
		EBE799C91747B8F800F755D1 /* lv2.png */ = {isa = PBXFileReference; lastKnownFileType = image.png; path = lv2.png; sourceTree = "<group>"; };
		EBE799CF1747BAB200F755D1 /* quayLai.png */ = {isa = PBXFileReference; lastKnownFileType = image.png; path = quayLai.png; sourceTree = "<group>"; };
		EBE799F21747DBA500F755D1 /* Level1Questions.plist */ = {isa = PBXFileReference; fileEncoding = 4; lastKnownFileType = text.plist.xml; path = Level1Questions.plist; sourceTree = "<group>"; };
		EBE799F41747DBD700F755D1 /* Level2Questions.plist */ = {isa = PBXFileReference; fileEncoding = 4; lastKnownFileType = text.plist.xml; path = Level2Questions.plist; sourceTree = "<group>"; };
		EBE799F61747DBF100F755D1 /* Level3Questions.plist */ = {isa = PBXFileReference; fileEncoding = 4; lastKnownFileType = text.plist.xml; path = Level3Questions.plist; sourceTree = "<group>"; };
		EBE799F81747DC0200F755D1 /* Level4Questions.plist */ = {isa = PBXFileReference; fileEncoding = 4; lastKnownFileType = text.plist.xml; path = Level4Questions.plist; sourceTree = "<group>"; };
		EBE799FA1747DC1300F755D1 /* Level5Questions.plist */ = {isa = PBXFileReference; fileEncoding = 4; lastKnownFileType = text.plist.xml; path = Level5Questions.plist; sourceTree = "<group>"; };
		EBE799FD1747E80E00F755D1 /* MainGameView.h */ = {isa = PBXFileReference; fileEncoding = 4; lastKnownFileType = sourcecode.c.h; path = MainGameView.h; sourceTree = "<group>"; };
		EBE799FE1747E80E00F755D1 /* MainGameView.m */ = {isa = PBXFileReference; fileEncoding = 4; lastKnownFileType = sourcecode.c.objc; path = MainGameView.m; sourceTree = "<group>"; };
		EBE799FF1747E80E00F755D1 /* MainGameView.xib */ = {isa = PBXFileReference; fileEncoding = 4; lastKnownFileType = file.xib; path = MainGameView.xib; sourceTree = "<group>"; };
		EBE79A021747EA8C00F755D1 /* Save.h */ = {isa = PBXFileReference; fileEncoding = 4; lastKnownFileType = sourcecode.c.h; path = Save.h; sourceTree = "<group>"; };
		EBE79A031747EA8D00F755D1 /* Save.m */ = {isa = PBXFileReference; fileEncoding = 4; lastKnownFileType = sourcecode.c.objc; path = Save.m; sourceTree = "<group>"; };
		EBE79A051747F27000F755D1 /* Player.h */ = {isa = PBXFileReference; fileEncoding = 4; lastKnownFileType = sourcecode.c.h; path = Player.h; sourceTree = "<group>"; };
		EBE79A061747F27100F755D1 /* Player.m */ = {isa = PBXFileReference; fileEncoding = 4; lastKnownFileType = sourcecode.c.objc; path = Player.m; sourceTree = "<group>"; };
		EBE79A081747F37D00F755D1 /* Save.plist */ = {isa = PBXFileReference; fileEncoding = 4; lastKnownFileType = text.plist.xml; path = Save.plist; sourceTree = "<group>"; };
		EBE79A0D1748024B00F755D1 /* Question.h */ = {isa = PBXFileReference; fileEncoding = 4; lastKnownFileType = sourcecode.c.h; path = Question.h; sourceTree = "<group>"; };
		EBE79A0E1748024C00F755D1 /* Question.m */ = {isa = PBXFileReference; fileEncoding = 4; lastKnownFileType = sourcecode.c.objc; path = Question.m; sourceTree = "<group>"; };
		EBE79A101748053900F755D1 /* mucluc.png */ = {isa = PBXFileReference; lastKnownFileType = image.png; path = mucluc.png; sourceTree = "<group>"; };
		EBE79A14174809FF00F755D1 /* mainGameBG.png */ = {isa = PBXFileReference; lastKnownFileType = image.png; path = mainGameBG.png; sourceTree = "<group>"; };
		EBE79A1617480D7900F755D1 /* D.png */ = {isa = PBXFileReference; lastKnownFileType = image.png; path = D.png; sourceTree = "<group>"; };
		EBE79A1717480D7900F755D1 /* C.png */ = {isa = PBXFileReference; lastKnownFileType = image.png; path = C.png; sourceTree = "<group>"; };
		EBE79A1817480D7900F755D1 /* B.png */ = {isa = PBXFileReference; lastKnownFileType = image.png; path = B.png; sourceTree = "<group>"; };
		EBE79A1917480D7900F755D1 /* A.png */ = {isa = PBXFileReference; lastKnownFileType = image.png; path = A.png; sourceTree = "<group>"; };
/* End PBXFileReference section */

/* Begin PBXFrameworksBuildPhase section */
		EB678A2F1746897000224C7F /* Frameworks */ = {
			isa = PBXFrameworksBuildPhase;
			buildActionMask = 2147483647;
			files = (
				EBDC0645174CFE1600BFE10B /* AVFoundation.framework in Frameworks */,
				EB678A361746897000224C7F /* UIKit.framework in Frameworks */,
				EB678A381746897000224C7F /* Foundation.framework in Frameworks */,
				EB678A3A1746897000224C7F /* CoreGraphics.framework in Frameworks */,
				EB678A3C1746897000224C7F /* CoreData.framework in Frameworks */,
			);
			runOnlyForDeploymentPostprocessing = 0;
		};
/* End PBXFrameworksBuildPhase section */

/* Begin PBXGroup section */
		EB15C21D174CD42C00ABD403 /* Audio */ = {
			isa = PBXGroup;
			children = (
				EB9D5689174D4EE900F55960 /* Victory.mp3 */,
				EB9D5687174D48B400F55960 /* Background music.mp3 */,
				EB9D567D174D379700F55960 /* ding.mp3 */,
				EBDC0646174D01D900BFE10B /* wrong.mp3 */,
				EB15C222174CD50800ABD403 /* wrong.m4a */,
				EB15C21F174CD4F700ABD403 /* win.mp3 */,
			);
			name = Audio;
			sourceTree = "<group>";
		};
		EB678A291746897000224C7F = {
			isa = PBXGroup;
			children = (
				EB678A3D1746897000224C7F /* Buoi6-BVN */,
				EB678A341746897000224C7F /* Frameworks */,
				EB678A331746897000224C7F /* Products */,
			);
			sourceTree = "<group>";
		};
		EB678A331746897000224C7F /* Products */ = {
			isa = PBXGroup;
			children = (
				EB678A321746897000224C7F /* Buoi6-BVN.app */,
			);
			name = Products;
			sourceTree = "<group>";
		};
		EB678A341746897000224C7F /* Frameworks */ = {
			isa = PBXGroup;
			children = (
				EBDC0644174CFE1600BFE10B /* AVFoundation.framework */,
				EB678A351746897000224C7F /* UIKit.framework */,
				EB678A371746897000224C7F /* Foundation.framework */,
				EB678A391746897000224C7F /* CoreGraphics.framework */,
				EB678A3B1746897000224C7F /* CoreData.framework */,
			);
			name = Frameworks;
			sourceTree = "<group>";
		};
		EB678A3D1746897000224C7F /* Buoi6-BVN */ = {
			isa = PBXGroup;
			children = (
				EBDC063F174CF18000BFE10B /* Assets */,
				EB15C226174CE36500ABD403 /* config.h */,
				EBE799FC1747E7E000F755D1 /* MainGameView */,
				EB678A721746B70800224C7F /* HighScoreView */,
				EB678A6C1746B6C000224C7F /* PlayingView */,
				EB678A6B1746B6A000224C7F /* RootView */,
				EB678A461746897000224C7F /* AppDelegate.h */,
				EB678A471746897000224C7F /* AppDelegate.m */,
				EB678A4F1746897100224C7F /* Buoi6_BVN.xcdatamodeld */,
				EB678A3E1746897000224C7F /* Supporting Files */,
				EBE79A021747EA8C00F755D1 /* Save.h */,
				EBE79A031747EA8D00F755D1 /* Save.m */,
				EBE79A051747F27000F755D1 /* Player.h */,
				EBE79A061747F27100F755D1 /* Player.m */,
				EBE79A0D1748024B00F755D1 /* Question.h */,
				EBE79A0E1748024C00F755D1 /* Question.m */,
				EBDC063C174CED8600BFE10B /* SoundPlayer.h */,
				EBDC063D174CED8600BFE10B /* SoundPlayer.m */,
			);
			path = "Buoi6-BVN";
			sourceTree = "<group>";
		};
		EB678A3E1746897000224C7F /* Supporting Files */ = {
			isa = PBXGroup;
			children = (
				EBE799FA1747DC1300F755D1 /* Level5Questions.plist */,
				EBE799F81747DC0200F755D1 /* Level4Questions.plist */,
				EBE799F61747DBF100F755D1 /* Level3Questions.plist */,
				EBE799F41747DBD700F755D1 /* Level2Questions.plist */,
				EBE799F21747DBA500F755D1 /* Level1Questions.plist */,
				EB678A3F1746897000224C7F /* Buoi6-BVN-Info.plist */,
				EB678A401746897000224C7F /* InfoPlist.strings */,
				EB678A431746897000224C7F /* main.m */,
				EB678A451746897000224C7F /* Buoi6-BVN-Prefix.pch */,
				EB678A491746897000224C7F /* Default.png */,
				EB678A4B1746897000224C7F /* Default@2x.png */,
				EB678A4D1746897000224C7F /* Default-568h@2x.png */,
				EBE79A081747F37D00F755D1 /* Save.plist */,
				EBE4BA701748A1330056CDAC /* HighScore.plist */,
			);
			name = "Supporting Files";
			sourceTree = "<group>";
		};
		EB678A5C1746A08C00224C7F /* Img */ = {
			isa = PBXGroup;
			children = (
				EB9D5685174D43A400F55960 /* Volume.png */,
				EB9D5683174D427300F55960 /* x.png */,
				EBE4BA6E17489CFB0056CDAC /* highScoreBG.png */,
				EBE79A1617480D7900F755D1 /* D.png */,
				EBE79A1717480D7900F755D1 /* C.png */,
				EBE79A1817480D7900F755D1 /* B.png */,
				EBE79A1917480D7900F755D1 /* A.png */,
				EBE79A14174809FF00F755D1 /* mainGameBG.png */,
				EBE79A101748053900F755D1 /* mucluc.png */,
				EBE799CF1747BAB200F755D1 /* quayLai.png */,
				EBE799C51747B8F800F755D1 /* lv1.png */,
				EBE799C61747B8F800F755D1 /* lv5.png */,
				EBE799C71747B8F800F755D1 /* lv4.png */,
				EBE799C81747B8F800F755D1 /* lv3.png */,
				EBE799C91747B8F800F755D1 /* lv2.png */,
				EBE799C31747B5D800F755D1 /* playingViewBG.png */,
				EB678A691746B57800224C7F /* coin.png */,
				EB678A671746B28900224C7F /* diemCao.png */,
				EB678A651746B20300224C7F /* batDau.png */,
				EB678A631746A72B00224C7F /* img1.png */,
				EB678A5D1746A09900224C7F /* background.png */,
			);
			name = Img;
			sourceTree = "<group>";
		};
		EB678A6B1746B6A000224C7F /* RootView */ = {
			isa = PBXGroup;
			children = (
				EB678A571746898800224C7F /* RootView.h */,
				EB678A581746898800224C7F /* RootView.m */,
				EB678A591746898800224C7F /* RootView.xib */,
			);
			name = RootView;
			sourceTree = "<group>";
		};
		EB678A6C1746B6C000224C7F /* PlayingView */ = {
			isa = PBXGroup;
			children = (
				EB678A6D1746B6F700224C7F /* PlayingView.h */,
				EB678A6E1746B6F700224C7F /* PlayingView.m */,
				EB678A6F1746B6F700224C7F /* PlayingView.xib */,
			);
			name = PlayingView;
			sourceTree = "<group>";
		};
		EB678A721746B70800224C7F /* HighScoreView */ = {
			isa = PBXGroup;
			children = (
				EB678A731746B72300224C7F /* HightScoreView.h */,
				EB678A741746B72300224C7F /* HightScoreView.m */,
				EB678A751746B72300224C7F /* HightScoreView.xib */,
			);
			name = HighScoreView;
			sourceTree = "<group>";
		};
		EBDC063F174CF18000BFE10B /* Assets */ = {
			isa = PBXGroup;
			children = (
				EB678A5C1746A08C00224C7F /* Img */,
				EB15C21D174CD42C00ABD403 /* Audio */,
			);
			name = Assets;
			sourceTree = "<group>";
		};
		EBE799FC1747E7E000F755D1 /* MainGameView */ = {
			isa = PBXGroup;
			children = (
				EBE799FD1747E80E00F755D1 /* MainGameView.h */,
				EBE799FE1747E80E00F755D1 /* MainGameView.m */,
				EBE799FF1747E80E00F755D1 /* MainGameView.xib */,
			);
			name = MainGameView;
			sourceTree = "<group>";
		};
/* End PBXGroup section */

/* Begin PBXNativeTarget section */
		EB678A311746897000224C7F /* Buoi6-BVN */ = {
			isa = PBXNativeTarget;
			buildConfigurationList = EB678A541746897100224C7F /* Build configuration list for PBXNativeTarget "Buoi6-BVN" */;
			buildPhases = (
				EB678A2E1746897000224C7F /* Sources */,
				EB678A2F1746897000224C7F /* Frameworks */,
				EB678A301746897000224C7F /* Resources */,
			);
			buildRules = (
			);
			dependencies = (
			);
			name = "Buoi6-BVN";
			productName = "Buoi6-BVN";
			productReference = EB678A321746897000224C7F /* Buoi6-BVN.app */;
			productType = "com.apple.product-type.application";
		};
/* End PBXNativeTarget section */

/* Begin PBXProject section */
		EB678A2A1746897000224C7F /* Project object */ = {
			isa = PBXProject;
			attributes = {
				LastUpgradeCheck = 0460;
				ORGANIZATIONNAME = doductrung;
			};
			buildConfigurationList = EB678A2D1746897000224C7F /* Build configuration list for PBXProject "Buoi6-BVN" */;
			compatibilityVersion = "Xcode 3.2";
			developmentRegion = English;
			hasScannedForEncodings = 0;
			knownRegions = (
				en,
			);
			mainGroup = EB678A291746897000224C7F;
			productRefGroup = EB678A331746897000224C7F /* Products */;
			projectDirPath = "";
			projectRoot = "";
			targets = (
				EB678A311746897000224C7F /* Buoi6-BVN */,
			);
		};
/* End PBXProject section */

/* Begin PBXResourcesBuildPhase section */
		EB678A301746897000224C7F /* Resources */ = {
			isa = PBXResourcesBuildPhase;
			buildActionMask = 2147483647;
			files = (
				EB678A421746897000224C7F /* InfoPlist.strings in Resources */,
				EB678A4A1746897000224C7F /* Default.png in Resources */,
				EB678A4C1746897000224C7F /* Default@2x.png in Resources */,
				EB678A4E1746897000224C7F /* Default-568h@2x.png in Resources */,
				EB678A5B1746898800224C7F /* RootView.xib in Resources */,
				EB678A5E1746A09900224C7F /* background.png in Resources */,
				EB678A641746A72B00224C7F /* img1.png in Resources */,
				EB678A661746B20300224C7F /* batDau.png in Resources */,
				EB678A681746B28900224C7F /* diemCao.png in Resources */,
				EB678A6A1746B57800224C7F /* coin.png in Resources */,
				EB678A711746B6F700224C7F /* PlayingView.xib in Resources */,
				EB678A771746B72300224C7F /* HightScoreView.xib in Resources */,
				EBE799C41747B5D800F755D1 /* playingViewBG.png in Resources */,
				EBE799CA1747B8F800F755D1 /* lv1.png in Resources */,
				EBE799CB1747B8F800F755D1 /* lv5.png in Resources */,
				EBE799CC1747B8F800F755D1 /* lv4.png in Resources */,
				EBE799CD1747B8F800F755D1 /* lv3.png in Resources */,
				EBE799CE1747B8F800F755D1 /* lv2.png in Resources */,
				EBE799D01747BAB200F755D1 /* quayLai.png in Resources */,
				EBE799F31747DBA600F755D1 /* Level1Questions.plist in Resources */,
				EBE799F51747DBD700F755D1 /* Level2Questions.plist in Resources */,
				EBE799F71747DBF100F755D1 /* Level3Questions.plist in Resources */,
				EBE799F91747DC0200F755D1 /* Level4Questions.plist in Resources */,
				EBE799FB1747DC1400F755D1 /* Level5Questions.plist in Resources */,
				EBE79A011747E80E00F755D1 /* MainGameView.xib in Resources */,
				EBE79A091747F37D00F755D1 /* Save.plist in Resources */,
				EBE79A111748053900F755D1 /* mucluc.png in Resources */,
				EBE79A1517480A0000F755D1 /* mainGameBG.png in Resources */,
				EBE79A1A17480D7A00F755D1 /* D.png in Resources */,
				EBE79A1B17480D7A00F755D1 /* C.png in Resources */,
				EBE79A1C17480D7A00F755D1 /* B.png in Resources */,
				EBE79A1D17480D7A00F755D1 /* A.png in Resources */,
				EBE4BA6F17489CFB0056CDAC /* highScoreBG.png in Resources */,
				EBE4BA711748A1330056CDAC /* HighScore.plist in Resources */,
				EB15C221174CD4F700ABD403 /* win.mp3 in Resources */,
				EBDC0647174D01D900BFE10B /* wrong.mp3 in Resources */,
				EB9D567E174D379700F55960 /* ding.mp3 in Resources */,
				EB9D5684174D427300F55960 /* x.png in Resources */,
				EB9D5686174D43A400F55960 /* Volume.png in Resources */,
				EB9D5688174D48B400F55960 /* Background music.mp3 in Resources */,
				EB9D568A174D4EE900F55960 /* Victory.mp3 in Resources */,
			);
			runOnlyForDeploymentPostprocessing = 0;
		};
/* End PBXResourcesBuildPhase section */

/* Begin PBXSourcesBuildPhase section */
		EB678A2E1746897000224C7F /* Sources */ = {
			isa = PBXSourcesBuildPhase;
			buildActionMask = 2147483647;
			files = (
				EB678A441746897000224C7F /* main.m in Sources */,
				EB678A481746897000224C7F /* AppDelegate.m in Sources */,
				EB678A511746897100224C7F /* Buoi6_BVN.xcdatamodeld in Sources */,
				EB678A5A1746898800224C7F /* RootView.m in Sources */,
				EB678A701746B6F700224C7F /* PlayingView.m in Sources */,
				EB678A761746B72300224C7F /* HightScoreView.m in Sources */,
				EBE79A001747E80E00F755D1 /* MainGameView.m in Sources */,
				EBE79A041747EA8D00F755D1 /* Save.m in Sources */,
				EBE79A071747F27100F755D1 /* Player.m in Sources */,
				EBE79A0F1748024C00F755D1 /* Question.m in Sources */,
				EBDC063E174CED8600BFE10B /* SoundPlayer.m in Sources */,
			);
			runOnlyForDeploymentPostprocessing = 0;
		};
/* End PBXSourcesBuildPhase section */

/* Begin PBXVariantGroup section */
		EB678A401746897000224C7F /* InfoPlist.strings */ = {
			isa = PBXVariantGroup;
			children = (
				EB678A411746897000224C7F /* en */,
			);
			name = InfoPlist.strings;
			sourceTree = "<group>";
		};
/* End PBXVariantGroup section */

/* Begin XCBuildConfiguration section */
		EB678A521746897100224C7F /* Debug */ = {
			isa = XCBuildConfiguration;
			buildSettings = {
				ALWAYS_SEARCH_USER_PATHS = NO;
				CLANG_CXX_LANGUAGE_STANDARD = "gnu++0x";
				CLANG_CXX_LIBRARY = "libc++";
				CLANG_ENABLE_OBJC_ARC = YES;
				CLANG_WARN_CONSTANT_CONVERSION = YES;
				CLANG_WARN_EMPTY_BODY = YES;
				CLANG_WARN_ENUM_CONVERSION = YES;
				CLANG_WARN_INT_CONVERSION = YES;
				CLANG_WARN__DUPLICATE_METHOD_MATCH = YES;
				"CODE_SIGN_IDENTITY[sdk=iphoneos*]" = "iPhone Developer";
				COPY_PHASE_STRIP = NO;
				GCC_C_LANGUAGE_STANDARD = gnu99;
				GCC_DYNAMIC_NO_PIC = NO;
				GCC_OPTIMIZATION_LEVEL = 0;
				GCC_PREPROCESSOR_DEFINITIONS = (
					"DEBUG=1",
					"$(inherited)",
				);
				GCC_SYMBOLS_PRIVATE_EXTERN = NO;
				GCC_WARN_ABOUT_RETURN_TYPE = YES;
				GCC_WARN_UNINITIALIZED_AUTOS = YES;
				GCC_WARN_UNUSED_VARIABLE = YES;
				IPHONEOS_DEPLOYMENT_TARGET = 6.1;
				ONLY_ACTIVE_ARCH = YES;
				SDKROOT = iphoneos;
			};
			name = Debug;
		};
		EB678A531746897100224C7F /* Release */ = {
			isa = XCBuildConfiguration;
			buildSettings = {
				ALWAYS_SEARCH_USER_PATHS = NO;
				CLANG_CXX_LANGUAGE_STANDARD = "gnu++0x";
				CLANG_CXX_LIBRARY = "libc++";
				CLANG_ENABLE_OBJC_ARC = YES;
				CLANG_WARN_CONSTANT_CONVERSION = YES;
				CLANG_WARN_EMPTY_BODY = YES;
				CLANG_WARN_ENUM_CONVERSION = YES;
				CLANG_WARN_INT_CONVERSION = YES;
				CLANG_WARN__DUPLICATE_METHOD_MATCH = YES;
				"CODE_SIGN_IDENTITY[sdk=iphoneos*]" = "iPhone Developer";
				COPY_PHASE_STRIP = YES;
				GCC_C_LANGUAGE_STANDARD = gnu99;
				GCC_WARN_ABOUT_RETURN_TYPE = YES;
				GCC_WARN_UNINITIALIZED_AUTOS = YES;
				GCC_WARN_UNUSED_VARIABLE = YES;
				IPHONEOS_DEPLOYMENT_TARGET = 6.1;
				OTHER_CFLAGS = "-DNS_BLOCK_ASSERTIONS=1";
				SDKROOT = iphoneos;
				VALIDATE_PRODUCT = YES;
			};
			name = Release;
		};
		EB678A551746897100224C7F /* Debug */ = {
			isa = XCBuildConfiguration;
			buildSettings = {
				FRAMEWORK_SEARCH_PATHS = (
					"$(inherited)",
					"\"$(SRCROOT)/Buoi6-BVN\"",
				);
				GCC_PRECOMPILE_PREFIX_HEADER = YES;
				GCC_PREFIX_HEADER = "Buoi6-BVN/Buoi6-BVN-Prefix.pch";
				INFOPLIST_FILE = "Buoi6-BVN/Buoi6-BVN-Info.plist";
				PRODUCT_NAME = "$(TARGET_NAME)";
				WRAPPER_EXTENSION = app;
			};
			name = Debug;
		};
		EB678A561746897100224C7F /* Release */ = {
			isa = XCBuildConfiguration;
			buildSettings = {
				FRAMEWORK_SEARCH_PATHS = (
					"$(inherited)",
					"\"$(SRCROOT)/Buoi6-BVN\"",
				);
				GCC_PRECOMPILE_PREFIX_HEADER = YES;
				GCC_PREFIX_HEADER = "Buoi6-BVN/Buoi6-BVN-Prefix.pch";
				INFOPLIST_FILE = "Buoi6-BVN/Buoi6-BVN-Info.plist";
				PRODUCT_NAME = "$(TARGET_NAME)";
				WRAPPER_EXTENSION = app;
			};
			name = Release;
		};
/* End XCBuildConfiguration section */

/* Begin XCConfigurationList section */
		EB678A2D1746897000224C7F /* Build configuration list for PBXProject "Buoi6-BVN" */ = {
			isa = XCConfigurationList;
			buildConfigurations = (
				EB678A521746897100224C7F /* Debug */,
				EB678A531746897100224C7F /* Release */,
			);
			defaultConfigurationIsVisible = 0;
			defaultConfigurationName = Release;
		};
		EB678A541746897100224C7F /* Build configuration list for PBXNativeTarget "Buoi6-BVN" */ = {
			isa = XCConfigurationList;
			buildConfigurations = (
				EB678A551746897100224C7F /* Debug */,
				EB678A561746897100224C7F /* Release */,
			);
			defaultConfigurationIsVisible = 0;
			defaultConfigurationName = Release;
		};
/* End XCConfigurationList section */

/* Begin XCVersionGroup section */
		EB678A4F1746897100224C7F /* Buoi6_BVN.xcdatamodeld */ = {
			isa = XCVersionGroup;
			children = (
				EB678A501746897100224C7F /* Buoi6_BVN.xcdatamodel */,
			);
			currentVersion = EB678A501746897100224C7F /* Buoi6_BVN.xcdatamodel */;
			path = Buoi6_BVN.xcdatamodeld;
			sourceTree = "<group>";
			versionGroupType = wrapper.xcdatamodel;
		};
/* End XCVersionGroup section */
	};
	rootObject = EB678A2A1746897000224C7F /* Project object */;
}
